// !$*UTF8*$!
{
	archiveVersion = 1;
	classes = {
	};
	objectVersion = 56;
	objects = {

/* Begin PBXBuildFile section */
		8B4A69A8293318C200648968 /* UIView + Extensions.swift in Sources */ = {isa = PBXBuildFile; fileRef = 8B4A69A7293318C200648968 /* UIView + Extensions.swift */; };
		8B4A69AB29331A4F00648968 /* SearchCell.swift in Sources */ = {isa = PBXBuildFile; fileRef = 8B4A69A929331A4F00648968 /* SearchCell.swift */; };
		8B4A69AC29331A4F00648968 /* SearchCell.xib in Resources */ = {isa = PBXBuildFile; fileRef = 8B4A69AA29331A4F00648968 /* SearchCell.xib */; };
		8B4A69AF29331DF200648968 /* FeaturedHeaderCell.swift in Sources */ = {isa = PBXBuildFile; fileRef = 8B4A69AD29331DF200648968 /* FeaturedHeaderCell.swift */; };
		8B4A69B029331DF200648968 /* FeaturedHeaderCell.xib in Resources */ = {isa = PBXBuildFile; fileRef = 8B4A69AE29331DF200648968 /* FeaturedHeaderCell.xib */; };
		8B4A69B3293337BE00648968 /* FeaturedCell1.swift in Sources */ = {isa = PBXBuildFile; fileRef = 8B4A69B1293337BE00648968 /* FeaturedCell1.swift */; };
		8B4A69B4293337BE00648968 /* FeaturedCell1.xib in Resources */ = {isa = PBXBuildFile; fileRef = 8B4A69B2293337BE00648968 /* FeaturedCell1.xib */; };
		8B4A69B7293337D700648968 /* FeaturedCell2.swift in Sources */ = {isa = PBXBuildFile; fileRef = 8B4A69B5293337D700648968 /* FeaturedCell2.swift */; };
		8B4A69B8293337D700648968 /* FeaturedCell2.xib in Resources */ = {isa = PBXBuildFile; fileRef = 8B4A69B6293337D700648968 /* FeaturedCell2.xib */; };
		8B62A13F29306B7E003AD2B1 /* AppDelegate.swift in Sources */ = {isa = PBXBuildFile; fileRef = 8B62A13E29306B7E003AD2B1 /* AppDelegate.swift */; };
		8B62A14129306B7E003AD2B1 /* SceneDelegate.swift in Sources */ = {isa = PBXBuildFile; fileRef = 8B62A14029306B7E003AD2B1 /* SceneDelegate.swift */; };
		8B62A14329306B7E003AD2B1 /* ViewController.swift in Sources */ = {isa = PBXBuildFile; fileRef = 8B62A14229306B7E003AD2B1 /* ViewController.swift */; };
		8B62A14629306B7E003AD2B1 /* Main.storyboard in Resources */ = {isa = PBXBuildFile; fileRef = 8B62A14429306B7E003AD2B1 /* Main.storyboard */; };
		8B62A14829306B7F003AD2B1 /* Assets.xcassets in Resources */ = {isa = PBXBuildFile; fileRef = 8B62A14729306B7F003AD2B1 /* Assets.xcassets */; };
		8B62A14B29306B7F003AD2B1 /* LaunchScreen.storyboard in Resources */ = {isa = PBXBuildFile; fileRef = 8B62A14929306B7F003AD2B1 /* LaunchScreen.storyboard */; };
		8B62A15629306EFB003AD2B1 /* Detailed.storyboard in Resources */ = {isa = PBXBuildFile; fileRef = 8B62A15429306EFB003AD2B1 /* Detailed.storyboard */; };
		8B62A15C2930755E003AD2B1 /* DetailedViewController.swift in Sources */ = {isa = PBXBuildFile; fileRef = 8B62A15B2930755E003AD2B1 /* DetailedViewController.swift */; };
		8B62A1602930792A003AD2B1 /* RegisterableView.swift in Sources */ = {isa = PBXBuildFile; fileRef = 8B62A15E2930792A003AD2B1 /* RegisterableView.swift */; };
		8B62A1612930792A003AD2B1 /* UICollectionView+Extension.swift in Sources */ = {isa = PBXBuildFile; fileRef = 8B62A15F2930792A003AD2B1 /* UICollectionView+Extension.swift */; };
		8B62A1642930E1B6003AD2B1 /* Section.swift in Sources */ = {isa = PBXBuildFile; fileRef = 8B62A1632930E1B6003AD2B1 /* Section.swift */; };
		8B62A1662930E27C003AD2B1 /* Item.swift in Sources */ = {isa = PBXBuildFile; fileRef = 8B62A1652930E27C003AD2B1 /* Item.swift */; };
		8B62A16A2930F485003AD2B1 /* HomeHeader.swift in Sources */ = {isa = PBXBuildFile; fileRef = 8B62A1682930F485003AD2B1 /* HomeHeader.swift */; };
		8B62A16B2930F485003AD2B1 /* HomeHeader.xib in Resources */ = {isa = PBXBuildFile; fileRef = 8B62A1692930F485003AD2B1 /* HomeHeader.xib */; };
		8B62A16E2930F4B1003AD2B1 /* DetailHeader.swift in Sources */ = {isa = PBXBuildFile; fileRef = 8B62A16C2930F4B1003AD2B1 /* DetailHeader.swift */; };
		8B62A16F2930F4B1003AD2B1 /* DetailHeader.xib in Resources */ = {isa = PBXBuildFile; fileRef = 8B62A16D2930F4B1003AD2B1 /* DetailHeader.xib */; };
		8B99C6182934037400565BAB /* RecommendedHeaderCell.swift in Sources */ = {isa = PBXBuildFile; fileRef = 8B99C6162934037400565BAB /* RecommendedHeaderCell.swift */; };
		8B99C6192934037400565BAB /* RecommendedHeaderCell.xib in Resources */ = {isa = PBXBuildFile; fileRef = 8B99C6172934037400565BAB /* RecommendedHeaderCell.xib */; };
		8B99C61C293403A100565BAB /* LatestHeaderCell.swift in Sources */ = {isa = PBXBuildFile; fileRef = 8B99C61A293403A100565BAB /* LatestHeaderCell.swift */; };
		8B99C61D293403A100565BAB /* LatestHeaderCell.xib in Resources */ = {isa = PBXBuildFile; fileRef = 8B99C61B293403A100565BAB /* LatestHeaderCell.xib */; };
		8B99C6202934682300565BAB /* CategoriesHeaderCell.swift in Sources */ = {isa = PBXBuildFile; fileRef = 8B99C61E2934682300565BAB /* CategoriesHeaderCell.swift */; };
		8B99C6212934682300565BAB /* CategoriesHeaderCell.xib in Resources */ = {isa = PBXBuildFile; fileRef = 8B99C61F2934682300565BAB /* CategoriesHeaderCell.xib */; };
		8B99C62429346A9F00565BAB /* RecommendedCell.swift in Sources */ = {isa = PBXBuildFile; fileRef = 8B99C62229346A9F00565BAB /* RecommendedCell.swift */; };
		8B99C62529346A9F00565BAB /* RecommendedCell.xib in Resources */ = {isa = PBXBuildFile; fileRef = 8B99C62329346A9F00565BAB /* RecommendedCell.xib */; };
		8B99C62829346AB400565BAB /* LatestCell.swift in Sources */ = {isa = PBXBuildFile; fileRef = 8B99C62629346AB400565BAB /* LatestCell.swift */; };
		8B99C62929346AB400565BAB /* LatestCell.xib in Resources */ = {isa = PBXBuildFile; fileRef = 8B99C62729346AB400565BAB /* LatestCell.xib */; };
		8B99C62C29346AD700565BAB /* CategoriesCell.swift in Sources */ = {isa = PBXBuildFile; fileRef = 8B99C62A29346AD700565BAB /* CategoriesCell.swift */; };
		8B99C62D29346AD700565BAB /* CategoriesCell.xib in Resources */ = {isa = PBXBuildFile; fileRef = 8B99C62B29346AD700565BAB /* CategoriesCell.xib */; };
/* End PBXBuildFile section */

/* Begin PBXFileReference section */
		8B4A69A7293318C200648968 /* UIView + Extensions.swift */ = {isa = PBXFileReference; fileEncoding = 4; lastKnownFileType = sourcecode.swift; path = "UIView + Extensions.swift"; sourceTree = "<group>"; };
		8B4A69A929331A4F00648968 /* SearchCell.swift */ = {isa = PBXFileReference; lastKnownFileType = sourcecode.swift; path = SearchCell.swift; sourceTree = "<group>"; };
		8B4A69AA29331A4F00648968 /* SearchCell.xib */ = {isa = PBXFileReference; lastKnownFileType = file.xib; path = SearchCell.xib; sourceTree = "<group>"; };
		8B4A69AD29331DF200648968 /* FeaturedHeaderCell.swift */ = {isa = PBXFileReference; lastKnownFileType = sourcecode.swift; path = FeaturedHeaderCell.swift; sourceTree = "<group>"; };
		8B4A69AE29331DF200648968 /* FeaturedHeaderCell.xib */ = {isa = PBXFileReference; lastKnownFileType = file.xib; path = FeaturedHeaderCell.xib; sourceTree = "<group>"; };
		8B4A69B1293337BE00648968 /* FeaturedCell1.swift */ = {isa = PBXFileReference; lastKnownFileType = sourcecode.swift; path = FeaturedCell1.swift; sourceTree = "<group>"; };
		8B4A69B2293337BE00648968 /* FeaturedCell1.xib */ = {isa = PBXFileReference; lastKnownFileType = file.xib; path = FeaturedCell1.xib; sourceTree = "<group>"; };
		8B4A69B5293337D700648968 /* FeaturedCell2.swift */ = {isa = PBXFileReference; lastKnownFileType = sourcecode.swift; path = FeaturedCell2.swift; sourceTree = "<group>"; };
		8B4A69B6293337D700648968 /* FeaturedCell2.xib */ = {isa = PBXFileReference; lastKnownFileType = file.xib; path = FeaturedCell2.xib; sourceTree = "<group>"; };
		8B62A13B29306B7E003AD2B1 /* HomeAndDetailView.app */ = {isa = PBXFileReference; explicitFileType = wrapper.application; includeInIndex = 0; path = HomeAndDetailView.app; sourceTree = BUILT_PRODUCTS_DIR; };
		8B62A13E29306B7E003AD2B1 /* AppDelegate.swift */ = {isa = PBXFileReference; lastKnownFileType = sourcecode.swift; path = AppDelegate.swift; sourceTree = "<group>"; };
		8B62A14029306B7E003AD2B1 /* SceneDelegate.swift */ = {isa = PBXFileReference; lastKnownFileType = sourcecode.swift; path = SceneDelegate.swift; sourceTree = "<group>"; };
		8B62A14229306B7E003AD2B1 /* ViewController.swift */ = {isa = PBXFileReference; lastKnownFileType = sourcecode.swift; path = ViewController.swift; sourceTree = "<group>"; };
		8B62A14529306B7E003AD2B1 /* Base */ = {isa = PBXFileReference; lastKnownFileType = file.storyboard; name = Base; path = Base.lproj/Main.storyboard; sourceTree = "<group>"; };
		8B62A14729306B7F003AD2B1 /* Assets.xcassets */ = {isa = PBXFileReference; lastKnownFileType = folder.assetcatalog; path = Assets.xcassets; sourceTree = "<group>"; };
		8B62A14A29306B7F003AD2B1 /* Base */ = {isa = PBXFileReference; lastKnownFileType = file.storyboard; name = Base; path = Base.lproj/LaunchScreen.storyboard; sourceTree = "<group>"; };
		8B62A14C29306B7F003AD2B1 /* Info.plist */ = {isa = PBXFileReference; lastKnownFileType = text.plist.xml; path = Info.plist; sourceTree = "<group>"; };
		8B62A15529306EFB003AD2B1 /* Base */ = {isa = PBXFileReference; lastKnownFileType = file.storyboard; name = Base; path = HomeAndDetailView/Base.lproj/Detailed.storyboard; sourceTree = "<group>"; };
		8B62A15B2930755E003AD2B1 /* DetailedViewController.swift */ = {isa = PBXFileReference; lastKnownFileType = sourcecode.swift; path = DetailedViewController.swift; sourceTree = "<group>"; };
		8B62A15E2930792A003AD2B1 /* RegisterableView.swift */ = {isa = PBXFileReference; fileEncoding = 4; lastKnownFileType = sourcecode.swift; path = RegisterableView.swift; sourceTree = "<group>"; };
		8B62A15F2930792A003AD2B1 /* UICollectionView+Extension.swift */ = {isa = PBXFileReference; fileEncoding = 4; lastKnownFileType = sourcecode.swift; path = "UICollectionView+Extension.swift"; sourceTree = "<group>"; };
		8B62A1632930E1B6003AD2B1 /* Section.swift */ = {isa = PBXFileReference; lastKnownFileType = sourcecode.swift; path = Section.swift; sourceTree = "<group>"; };
		8B62A1652930E27C003AD2B1 /* Item.swift */ = {isa = PBXFileReference; lastKnownFileType = sourcecode.swift; path = Item.swift; sourceTree = "<group>"; };
		8B62A1682930F485003AD2B1 /* HomeHeader.swift */ = {isa = PBXFileReference; lastKnownFileType = sourcecode.swift; path = HomeHeader.swift; sourceTree = "<group>"; };
		8B62A1692930F485003AD2B1 /* HomeHeader.xib */ = {isa = PBXFileReference; lastKnownFileType = file.xib; path = HomeHeader.xib; sourceTree = "<group>"; };
		8B62A16C2930F4B1003AD2B1 /* DetailHeader.swift */ = {isa = PBXFileReference; lastKnownFileType = sourcecode.swift; path = DetailHeader.swift; sourceTree = "<group>"; };
		8B62A16D2930F4B1003AD2B1 /* DetailHeader.xib */ = {isa = PBXFileReference; lastKnownFileType = file.xib; path = DetailHeader.xib; sourceTree = "<group>"; };
		8B99C6162934037400565BAB /* RecommendedHeaderCell.swift */ = {isa = PBXFileReference; lastKnownFileType = sourcecode.swift; path = RecommendedHeaderCell.swift; sourceTree = "<group>"; };
		8B99C6172934037400565BAB /* RecommendedHeaderCell.xib */ = {isa = PBXFileReference; lastKnownFileType = file.xib; path = RecommendedHeaderCell.xib; sourceTree = "<group>"; };
		8B99C61A293403A100565BAB /* LatestHeaderCell.swift */ = {isa = PBXFileReference; lastKnownFileType = sourcecode.swift; path = LatestHeaderCell.swift; sourceTree = "<group>"; };
		8B99C61B293403A100565BAB /* LatestHeaderCell.xib */ = {isa = PBXFileReference; lastKnownFileType = file.xib; path = LatestHeaderCell.xib; sourceTree = "<group>"; };
		8B99C61E2934682300565BAB /* CategoriesHeaderCell.swift */ = {isa = PBXFileReference; lastKnownFileType = sourcecode.swift; path = CategoriesHeaderCell.swift; sourceTree = "<group>"; };
		8B99C61F2934682300565BAB /* CategoriesHeaderCell.xib */ = {isa = PBXFileReference; lastKnownFileType = file.xib; path = CategoriesHeaderCell.xib; sourceTree = "<group>"; };
		8B99C62229346A9F00565BAB /* RecommendedCell.swift */ = {isa = PBXFileReference; lastKnownFileType = sourcecode.swift; path = RecommendedCell.swift; sourceTree = "<group>"; };
		8B99C62329346A9F00565BAB /* RecommendedCell.xib */ = {isa = PBXFileReference; lastKnownFileType = file.xib; path = RecommendedCell.xib; sourceTree = "<group>"; };
		8B99C62629346AB400565BAB /* LatestCell.swift */ = {isa = PBXFileReference; lastKnownFileType = sourcecode.swift; path = LatestCell.swift; sourceTree = "<group>"; };
		8B99C62729346AB400565BAB /* LatestCell.xib */ = {isa = PBXFileReference; lastKnownFileType = file.xib; path = LatestCell.xib; sourceTree = "<group>"; };
		8B99C62A29346AD700565BAB /* CategoriesCell.swift */ = {isa = PBXFileReference; lastKnownFileType = sourcecode.swift; path = CategoriesCell.swift; sourceTree = "<group>"; };
		8B99C62B29346AD700565BAB /* CategoriesCell.xib */ = {isa = PBXFileReference; lastKnownFileType = file.xib; path = CategoriesCell.xib; sourceTree = "<group>"; };
/* End PBXFileReference section */

/* Begin PBXFrameworksBuildPhase section */
		8B62A13829306B7E003AD2B1 /* Frameworks */ = {
			isa = PBXFrameworksBuildPhase;
			buildActionMask = 2147483647;
			files = (
			);
			runOnlyForDeploymentPostprocessing = 0;
		};
/* End PBXFrameworksBuildPhase section */

/* Begin PBXGroup section */
		8B62A13229306B7E003AD2B1 = {
			isa = PBXGroup;
			children = (
				8B62A13D29306B7E003AD2B1 /* HomeAndDetailView */,
				8B62A13C29306B7E003AD2B1 /* Products */,
			);
			sourceTree = "<group>";
		};
		8B62A13C29306B7E003AD2B1 /* Products */ = {
			isa = PBXGroup;
			children = (
				8B62A13B29306B7E003AD2B1 /* HomeAndDetailView.app */,
			);
			name = Products;
			sourceTree = "<group>";
		};
		8B62A13D29306B7E003AD2B1 /* HomeAndDetailView */ = {
			isa = PBXGroup;
			children = (
				8B62A15D2930792A003AD2B1 /* Utilities */,
				8B62A1622930E18B003AD2B1 /* Models */,
				8B62A1672930F407003AD2B1 /* Cells */,
				8B62A13E29306B7E003AD2B1 /* AppDelegate.swift */,
				8B62A14029306B7E003AD2B1 /* SceneDelegate.swift */,
				8B62A14229306B7E003AD2B1 /* ViewController.swift */,
				8B62A15B2930755E003AD2B1 /* DetailedViewController.swift */,
				8B62A14429306B7E003AD2B1 /* Main.storyboard */,
				8B62A15429306EFB003AD2B1 /* Detailed.storyboard */,
				8B62A14729306B7F003AD2B1 /* Assets.xcassets */,
				8B62A14929306B7F003AD2B1 /* LaunchScreen.storyboard */,
				8B62A14C29306B7F003AD2B1 /* Info.plist */,
				8B4A69A7293318C200648968 /* UIView + Extensions.swift */,
			);
			path = HomeAndDetailView;
			sourceTree = "<group>";
		};
		8B62A15D2930792A003AD2B1 /* Utilities */ = {
			isa = PBXGroup;
			children = (
				8B62A15E2930792A003AD2B1 /* RegisterableView.swift */,
				8B62A15F2930792A003AD2B1 /* UICollectionView+Extension.swift */,
			);
			path = Utilities;
			sourceTree = "<group>";
		};
		8B62A1622930E18B003AD2B1 /* Models */ = {
			isa = PBXGroup;
			children = (
				8B62A1632930E1B6003AD2B1 /* Section.swift */,
				8B62A1652930E27C003AD2B1 /* Item.swift */,
			);
			path = Models;
			sourceTree = "<group>";
		};
		8B62A1672930F407003AD2B1 /* Cells */ = {
			isa = PBXGroup;
			children = (
				8B62A1682930F485003AD2B1 /* HomeHeader.swift */,
				8B62A1692930F485003AD2B1 /* HomeHeader.xib */,
				8B62A16C2930F4B1003AD2B1 /* DetailHeader.swift */,
				8B62A16D2930F4B1003AD2B1 /* DetailHeader.xib */,
				8B4A69A929331A4F00648968 /* SearchCell.swift */,
				8B4A69AA29331A4F00648968 /* SearchCell.xib */,
				8B4A69AD29331DF200648968 /* FeaturedHeaderCell.swift */,
				8B4A69AE29331DF200648968 /* FeaturedHeaderCell.xib */,
				8B4A69B1293337BE00648968 /* FeaturedCell1.swift */,
				8B4A69B2293337BE00648968 /* FeaturedCell1.xib */,
				8B4A69B5293337D700648968 /* FeaturedCell2.swift */,
				8B4A69B6293337D700648968 /* FeaturedCell2.xib */,
				8B99C6162934037400565BAB /* RecommendedHeaderCell.swift */,
				8B99C6172934037400565BAB /* RecommendedHeaderCell.xib */,
				8B99C61A293403A100565BAB /* LatestHeaderCell.swift */,
				8B99C61B293403A100565BAB /* LatestHeaderCell.xib */,
				8B99C61E2934682300565BAB /* CategoriesHeaderCell.swift */,
				8B99C61F2934682300565BAB /* CategoriesHeaderCell.xib */,
				8B99C62229346A9F00565BAB /* RecommendedCell.swift */,
				8B99C62329346A9F00565BAB /* RecommendedCell.xib */,
				8B99C62629346AB400565BAB /* LatestCell.swift */,
				8B99C62729346AB400565BAB /* LatestCell.xib */,
				8B99C62A29346AD700565BAB /* CategoriesCell.swift */,
				8B99C62B29346AD700565BAB /* CategoriesCell.xib */,
			);
			path = Cells;
			sourceTree = "<group>";
		};
/* End PBXGroup section */

/* Begin PBXNativeTarget section */
		8B62A13A29306B7E003AD2B1 /* HomeAndDetailView */ = {
			isa = PBXNativeTarget;
			buildConfigurationList = 8B62A14F29306B7F003AD2B1 /* Build configuration list for PBXNativeTarget "HomeAndDetailView" */;
			buildPhases = (
				8B62A13729306B7E003AD2B1 /* Sources */,
				8B62A13829306B7E003AD2B1 /* Frameworks */,
				8B62A13929306B7E003AD2B1 /* Resources */,
			);
			buildRules = (
			);
			dependencies = (
			);
			name = HomeAndDetailView;
			productName = HomeAndDetailView;
			productReference = 8B62A13B29306B7E003AD2B1 /* HomeAndDetailView.app */;
			productType = "com.apple.product-type.application";
		};
/* End PBXNativeTarget section */

/* Begin PBXProject section */
		8B62A13329306B7E003AD2B1 /* Project object */ = {
			isa = PBXProject;
			attributes = {
				BuildIndependentTargetsInParallel = 1;
				LastSwiftUpdateCheck = 1410;
				LastUpgradeCheck = 1410;
				TargetAttributes = {
					8B62A13A29306B7E003AD2B1 = {
						CreatedOnToolsVersion = 14.1;
					};
				};
			};
			buildConfigurationList = 8B62A13629306B7E003AD2B1 /* Build configuration list for PBXProject "HomeAndDetailView" */;
			compatibilityVersion = "Xcode 14.0";
			developmentRegion = en;
			hasScannedForEncodings = 0;
			knownRegions = (
				en,
				Base,
			);
			mainGroup = 8B62A13229306B7E003AD2B1;
			productRefGroup = 8B62A13C29306B7E003AD2B1 /* Products */;
			projectDirPath = "";
			projectRoot = "";
			targets = (
				8B62A13A29306B7E003AD2B1 /* HomeAndDetailView */,
			);
		};
/* End PBXProject section */

/* Begin PBXResourcesBuildPhase section */
		8B62A13929306B7E003AD2B1 /* Resources */ = {
			isa = PBXResourcesBuildPhase;
			buildActionMask = 2147483647;
			files = (
				8B99C6192934037400565BAB /* RecommendedHeaderCell.xib in Resources */,
				8B99C62529346A9F00565BAB /* RecommendedCell.xib in Resources */,
				8B4A69B029331DF200648968 /* FeaturedHeaderCell.xib in Resources */,
				8B99C6212934682300565BAB /* CategoriesHeaderCell.xib in Resources */,
				8B62A14B29306B7F003AD2B1 /* LaunchScreen.storyboard in Resources */,
				8B99C61D293403A100565BAB /* LatestHeaderCell.xib in Resources */,
				8B4A69B8293337D700648968 /* FeaturedCell2.xib in Resources */,
				8B62A16B2930F485003AD2B1 /* HomeHeader.xib in Resources */,
				8B4A69B4293337BE00648968 /* FeaturedCell1.xib in Resources */,
				8B99C62D29346AD700565BAB /* CategoriesCell.xib in Resources */,
				8B62A14829306B7F003AD2B1 /* Assets.xcassets in Resources */,
				8B62A16F2930F4B1003AD2B1 /* DetailHeader.xib in Resources */,
				8B99C62929346AB400565BAB /* LatestCell.xib in Resources */,
				8B4A69AC29331A4F00648968 /* SearchCell.xib in Resources */,
				8B62A15629306EFB003AD2B1 /* Detailed.storyboard in Resources */,
				8B62A14629306B7E003AD2B1 /* Main.storyboard in Resources */,
			);
			runOnlyForDeploymentPostprocessing = 0;
		};
/* End PBXResourcesBuildPhase section */

/* Begin PBXSourcesBuildPhase section */
		8B62A13729306B7E003AD2B1 /* Sources */ = {
			isa = PBXSourcesBuildPhase;
			buildActionMask = 2147483647;
			files = (
				8B99C62829346AB400565BAB /* LatestCell.swift in Sources */,
				8B62A1612930792A003AD2B1 /* UICollectionView+Extension.swift in Sources */,
				8B4A69AB29331A4F00648968 /* SearchCell.swift in Sources */,
				8B99C6182934037400565BAB /* RecommendedHeaderCell.swift in Sources */,
				8B62A14329306B7E003AD2B1 /* ViewController.swift in Sources */,
				8B99C61C293403A100565BAB /* LatestHeaderCell.swift in Sources */,
				8B62A1602930792A003AD2B1 /* RegisterableView.swift in Sources */,
				8B62A16E2930F4B1003AD2B1 /* DetailHeader.swift in Sources */,
				8B4A69B3293337BE00648968 /* FeaturedCell1.swift in Sources */,
				8B4A69B7293337D700648968 /* FeaturedCell2.swift in Sources */,
				8B62A1642930E1B6003AD2B1 /* Section.swift in Sources */,
				8B62A1662930E27C003AD2B1 /* Item.swift in Sources */,
				8B4A69AF29331DF200648968 /* FeaturedHeaderCell.swift in Sources */,
				8B62A16A2930F485003AD2B1 /* HomeHeader.swift in Sources */,
				8B99C62429346A9F00565BAB /* RecommendedCell.swift in Sources */,
				8B99C62C29346AD700565BAB /* CategoriesCell.swift in Sources */,
				8B4A69A8293318C200648968 /* UIView + Extensions.swift in Sources */,
				8B99C6202934682300565BAB /* CategoriesHeaderCell.swift in Sources */,
				8B62A13F29306B7E003AD2B1 /* AppDelegate.swift in Sources */,
				8B62A15C2930755E003AD2B1 /* DetailedViewController.swift in Sources */,
				8B62A14129306B7E003AD2B1 /* SceneDelegate.swift in Sources */,
			);
			runOnlyForDeploymentPostprocessing = 0;
		};
/* End PBXSourcesBuildPhase section */

/* Begin PBXVariantGroup section */
		8B62A14429306B7E003AD2B1 /* Main.storyboard */ = {
			isa = PBXVariantGroup;
			children = (
				8B62A14529306B7E003AD2B1 /* Base */,
			);
			name = Main.storyboard;
			sourceTree = "<group>";
		};
		8B62A14929306B7F003AD2B1 /* LaunchScreen.storyboard */ = {
			isa = PBXVariantGroup;
			children = (
				8B62A14A29306B7F003AD2B1 /* Base */,
			);
			name = LaunchScreen.storyboard;
			sourceTree = "<group>";
		};
		8B62A15429306EFB003AD2B1 /* Detailed.storyboard */ = {
			isa = PBXVariantGroup;
			children = (
				8B62A15529306EFB003AD2B1 /* Base */,
			);
			name = Detailed.storyboard;
			sourceTree = "<group>";
		};
/* End PBXVariantGroup section */

/* Begin XCBuildConfiguration section */
		8B62A14D29306B7F003AD2B1 /* Debug */ = {
			isa = XCBuildConfiguration;
			buildSettings = {
				ALWAYS_SEARCH_USER_PATHS = NO;
				CLANG_ANALYZER_NONNULL = YES;
				CLANG_ANALYZER_NUMBER_OBJECT_CONVERSION = YES_AGGRESSIVE;
				CLANG_CXX_LANGUAGE_STANDARD = "gnu++20";
				CLANG_ENABLE_MODULES = YES;
				CLANG_ENABLE_OBJC_ARC = YES;
				CLANG_ENABLE_OBJC_WEAK = YES;
				CLANG_WARN_BLOCK_CAPTURE_AUTORELEASING = YES;
				CLANG_WARN_BOOL_CONVERSION = YES;
				CLANG_WARN_COMMA = YES;
				CLANG_WARN_CONSTANT_CONVERSION = YES;
				CLANG_WARN_DEPRECATED_OBJC_IMPLEMENTATIONS = YES;
				CLANG_WARN_DIRECT_OBJC_ISA_USAGE = YES_ERROR;
				CLANG_WARN_DOCUMENTATION_COMMENTS = YES;
				CLANG_WARN_EMPTY_BODY = YES;
				CLANG_WARN_ENUM_CONVERSION = YES;
				CLANG_WARN_INFINITE_RECURSION = YES;
				CLANG_WARN_INT_CONVERSION = YES;
				CLANG_WARN_NON_LITERAL_NULL_CONVERSION = YES;
				CLANG_WARN_OBJC_IMPLICIT_RETAIN_SELF = YES;
				CLANG_WARN_OBJC_LITERAL_CONVERSION = YES;
				CLANG_WARN_OBJC_ROOT_CLASS = YES_ERROR;
				CLANG_WARN_QUOTED_INCLUDE_IN_FRAMEWORK_HEADER = YES;
				CLANG_WARN_RANGE_LOOP_ANALYSIS = YES;
				CLANG_WARN_STRICT_PROTOTYPES = YES;
				CLANG_WARN_SUSPICIOUS_MOVE = YES;
				CLANG_WARN_UNGUARDED_AVAILABILITY = YES_AGGRESSIVE;
				CLANG_WARN_UNREACHABLE_CODE = YES;
				CLANG_WARN__DUPLICATE_METHOD_MATCH = YES;
				COPY_PHASE_STRIP = NO;
				DEBUG_INFORMATION_FORMAT = dwarf;
				ENABLE_STRICT_OBJC_MSGSEND = YES;
				ENABLE_TESTABILITY = YES;
				GCC_C_LANGUAGE_STANDARD = gnu11;
				GCC_DYNAMIC_NO_PIC = NO;
				GCC_NO_COMMON_BLOCKS = YES;
				GCC_OPTIMIZATION_LEVEL = 0;
				GCC_PREPROCESSOR_DEFINITIONS = (
					"DEBUG=1",
					"$(inherited)",
				);
				GCC_WARN_64_TO_32_BIT_CONVERSION = YES;
				GCC_WARN_ABOUT_RETURN_TYPE = YES_ERROR;
				GCC_WARN_UNDECLARED_SELECTOR = YES;
				GCC_WARN_UNINITIALIZED_AUTOS = YES_AGGRESSIVE;
				GCC_WARN_UNUSED_FUNCTION = YES;
				GCC_WARN_UNUSED_VARIABLE = YES;
				IPHONEOS_DEPLOYMENT_TARGET = 16.1;
				MTL_ENABLE_DEBUG_INFO = INCLUDE_SOURCE;
				MTL_FAST_MATH = YES;
				ONLY_ACTIVE_ARCH = YES;
				SDKROOT = iphoneos;
				SWIFT_ACTIVE_COMPILATION_CONDITIONS = DEBUG;
				SWIFT_OPTIMIZATION_LEVEL = "-Onone";
			};
			name = Debug;
		};
		8B62A14E29306B7F003AD2B1 /* Release */ = {
			isa = XCBuildConfiguration;
			buildSettings = {
				ALWAYS_SEARCH_USER_PATHS = NO;
				CLANG_ANALYZER_NONNULL = YES;
				CLANG_ANALYZER_NUMBER_OBJECT_CONVERSION = YES_AGGRESSIVE;
				CLANG_CXX_LANGUAGE_STANDARD = "gnu++20";
				CLANG_ENABLE_MODULES = YES;
				CLANG_ENABLE_OBJC_ARC = YES;
				CLANG_ENABLE_OBJC_WEAK = YES;
				CLANG_WARN_BLOCK_CAPTURE_AUTORELEASING = YES;
				CLANG_WARN_BOOL_CONVERSION = YES;
				CLANG_WARN_COMMA = YES;
				CLANG_WARN_CONSTANT_CONVERSION = YES;
				CLANG_WARN_DEPRECATED_OBJC_IMPLEMENTATIONS = YES;
				CLANG_WARN_DIRECT_OBJC_ISA_USAGE = YES_ERROR;
				CLANG_WARN_DOCUMENTATION_COMMENTS = YES;
				CLANG_WARN_EMPTY_BODY = YES;
				CLANG_WARN_ENUM_CONVERSION = YES;
				CLANG_WARN_INFINITE_RECURSION = YES;
				CLANG_WARN_INT_CONVERSION = YES;
				CLANG_WARN_NON_LITERAL_NULL_CONVERSION = YES;
				CLANG_WARN_OBJC_IMPLICIT_RETAIN_SELF = YES;
				CLANG_WARN_OBJC_LITERAL_CONVERSION = YES;
				CLANG_WARN_OBJC_ROOT_CLASS = YES_ERROR;
				CLANG_WARN_QUOTED_INCLUDE_IN_FRAMEWORK_HEADER = YES;
				CLANG_WARN_RANGE_LOOP_ANALYSIS = YES;
				CLANG_WARN_STRICT_PROTOTYPES = YES;
				CLANG_WARN_SUSPICIOUS_MOVE = YES;
				CLANG_WARN_UNGUARDED_AVAILABILITY = YES_AGGRESSIVE;
				CLANG_WARN_UNREACHABLE_CODE = YES;
				CLANG_WARN__DUPLICATE_METHOD_MATCH = YES;
				COPY_PHASE_STRIP = NO;
				DEBUG_INFORMATION_FORMAT = "dwarf-with-dsym";
				ENABLE_NS_ASSERTIONS = NO;
				ENABLE_STRICT_OBJC_MSGSEND = YES;
				GCC_C_LANGUAGE_STANDARD = gnu11;
				GCC_NO_COMMON_BLOCKS = YES;
				GCC_WARN_64_TO_32_BIT_CONVERSION = YES;
				GCC_WARN_ABOUT_RETURN_TYPE = YES_ERROR;
				GCC_WARN_UNDECLARED_SELECTOR = YES;
				GCC_WARN_UNINITIALIZED_AUTOS = YES_AGGRESSIVE;
				GCC_WARN_UNUSED_FUNCTION = YES;
				GCC_WARN_UNUSED_VARIABLE = YES;
				IPHONEOS_DEPLOYMENT_TARGET = 16.1;
				MTL_ENABLE_DEBUG_INFO = NO;
				MTL_FAST_MATH = YES;
				SDKROOT = iphoneos;
				SWIFT_COMPILATION_MODE = wholemodule;
				SWIFT_OPTIMIZATION_LEVEL = "-O";
				VALIDATE_PRODUCT = YES;
			};
			name = Release;
		};
		8B62A15029306B7F003AD2B1 /* Debug */ = {
			isa = XCBuildConfiguration;
			buildSettings = {
				ASSETCATALOG_COMPILER_APPICON_NAME = AppIcon;
				ASSETCATALOG_COMPILER_GLOBAL_ACCENT_COLOR_NAME = AccentColor;
				CODE_SIGN_STYLE = Automatic;
				CURRENT_PROJECT_VERSION = 1;
				GENERATE_INFOPLIST_FILE = YES;
				INFOPLIST_FILE = HomeAndDetailView/Info.plist;
				INFOPLIST_KEY_UIApplicationSupportsIndirectInputEvents = YES;
				INFOPLIST_KEY_UILaunchStoryboardName = LaunchScreen;
				INFOPLIST_KEY_UIMainStoryboardFile = Main;
				INFOPLIST_KEY_UISupportedInterfaceOrientations_iPad = "UIInterfaceOrientationPortrait UIInterfaceOrientationPortraitUpsideDown UIInterfaceOrientationLandscapeLeft UIInterfaceOrientationLandscapeRight";
				INFOPLIST_KEY_UISupportedInterfaceOrientations_iPhone = "UIInterfaceOrientationPortrait UIInterfaceOrientationLandscapeLeft UIInterfaceOrientationLandscapeRight";
				LD_RUNPATH_SEARCH_PATHS = (
					"$(inherited)",
					"@executable_path/Frameworks",
				);
				MARKETING_VERSION = 1.0;
				PRODUCT_BUNDLE_IDENTIFIER = EdFarm.HomeAndDetailView;
				PRODUCT_NAME = "$(TARGET_NAME)";
				SWIFT_EMIT_LOC_STRINGS = YES;
				SWIFT_VERSION = 5.0;
				TARGETED_DEVICE_FAMILY = "1,2";
			};
			name = Debug;
		};
		8B62A15129306B7F003AD2B1 /* Release */ = {
			isa = XCBuildConfiguration;
			buildSettings = {
				ASSETCATALOG_COMPILER_APPICON_NAME = AppIcon;
				ASSETCATALOG_COMPILER_GLOBAL_ACCENT_COLOR_NAME = AccentColor;
				CODE_SIGN_STYLE = Automatic;
				CURRENT_PROJECT_VERSION = 1;
				GENERATE_INFOPLIST_FILE = YES;
				INFOPLIST_FILE = HomeAndDetailView/Info.plist;
				INFOPLIST_KEY_UIApplicationSupportsIndirectInputEvents = YES;
				INFOPLIST_KEY_UILaunchStoryboardName = LaunchScreen;
				INFOPLIST_KEY_UIMainStoryboardFile = Main;
				INFOPLIST_KEY_UISupportedInterfaceOrientations_iPad = "UIInterfaceOrientationPortrait UIInterfaceOrientationPortraitUpsideDown UIInterfaceOrientationLandscapeLeft UIInterfaceOrientationLandscapeRight";
				INFOPLIST_KEY_UISupportedInterfaceOrientations_iPhone = "UIInterfaceOrientationPortrait UIInterfaceOrientationLandscapeLeft UIInterfaceOrientationLandscapeRight";
				LD_RUNPATH_SEARCH_PATHS = (
					"$(inherited)",
					"@executable_path/Frameworks",
				);
				MARKETING_VERSION = 1.0;
				PRODUCT_BUNDLE_IDENTIFIER = EdFarm.HomeAndDetailView;
				PRODUCT_NAME = "$(TARGET_NAME)";
				SWIFT_EMIT_LOC_STRINGS = YES;
				SWIFT_VERSION = 5.0;
				TARGETED_DEVICE_FAMILY = "1,2";
			};
			name = Release;
		};
/* End XCBuildConfiguration section */

/* Begin XCConfigurationList section */
		8B62A13629306B7E003AD2B1 /* Build configuration list for PBXProject "HomeAndDetailView" */ = {
			isa = XCConfigurationList;
			buildConfigurations = (
				8B62A14D29306B7F003AD2B1 /* Debug */,
				8B62A14E29306B7F003AD2B1 /* Release */,
			);
			defaultConfigurationIsVisible = 0;
			defaultConfigurationName = Release;
		};
		8B62A14F29306B7F003AD2B1 /* Build configuration list for PBXNativeTarget "HomeAndDetailView" */ = {
			isa = XCConfigurationList;
			buildConfigurations = (
				8B62A15029306B7F003AD2B1 /* Debug */,
				8B62A15129306B7F003AD2B1 /* Release */,
			);
			defaultConfigurationIsVisible = 0;
			defaultConfigurationName = Release;
		};
/* End XCConfigurationList section */
	};
	rootObject = 8B62A13329306B7E003AD2B1 /* Project object */;
}
